
Microsoft Visual Studio Solution File, Format Version 12.00
# Visual Studio Version 17
VisualStudioVersion = 17.4.33122.133
MinimumVisualStudioVersion = 10.0.40219.1
Project("{FAE04EC0-301F-11D3-BF4B-00C04F79EFBC}") = "BasicTrainingTask", "BasicTrainingTask\BasicTrainingTask.csproj", "{8E8BF214-A970-4821-A023-3526C7EB81C7}"
EndProject
Project("{FAE04EC0-301F-11D3-BF4B-00C04F79EFBC}") = "Training.Domain", "Training.Domain\Training.Domain.csproj", "{463CB45F-AE7A-4145-AE4B-28F404EA4B0A}"
EndProject
Global
	GlobalSection(SolutionConfigurationPlatforms) = preSolution
		Debug|Any CPU = Debug|Any CPU
		Release|Any CPU = Release|Any CPU
	EndGlobalSection
	GlobalSection(ProjectConfigurationPlatforms) = postSolution
		{8E8BF214-A970-4821-A023-3526C7EB81C7}.Debug|Any CPU.ActiveCfg = Debug|Any CPU
		{8E8BF214-A970-4821-A023-3526C7EB81C7}.Debug|Any CPU.Build.0 = Debug|Any CPU
		{8E8BF214-A970-4821-A023-3526C7EB81C7}.Release|Any CPU.ActiveCfg = Release|Any CPU
		{8E8BF214-A970-4821-A023-3526C7EB81C7}.Release|Any CPU.Build.0 = Release|Any CPU
		{463CB45F-AE7A-4145-AE4B-28F404EA4B0A}.Debug|Any CPU.ActiveCfg = Debug|Any CPU
		{463CB45F-AE7A-4145-AE4B-28F404EA4B0A}.Debug|Any CPU.Build.0 = Debug|Any CPU
		{463CB45F-AE7A-4145-AE4B-28F404EA4B0A}.Release|Any CPU.ActiveCfg = Release|Any CPU
		{463CB45F-AE7A-4145-AE4B-28F404EA4B0A}.Release|Any CPU.Build.0 = Release|Any CPU
	EndGlobalSection
	GlobalSection(SolutionProperties) = preSolution
		HideSolutionNode = FALSE
	EndGlobalSection
	GlobalSection(ExtensibilityGlobals) = postSolution
		SolutionGuid = {246C0CE3-9CE3-4E1D-A802-656C48FF8FE2}
	EndGlobalSection
EndGlobal
